
Microsoft Visual Studio Solution File, Format Version 12.00
# Visual Studio Version 17
VisualStudioVersion = 17.1.32210.238
MinimumVisualStudioVersion = 10.0.40219.1
Project("{9A19103F-16F7-4668-BE54-9A1E7A4F7556}") = "EventTimelineReconstruction", "EventTimelineReconstruction\EventTimelineReconstruction.csproj", "{9F98500F-DF18-42CE-954A-40CD21FCBD92}"
EndProject
Project("{2150E333-8FDC-42A3-9474-1A3956D46DE8}") = "Solution Items", "Solution Items", "{47E0A746-C614-4632-909C-6A0C387E34EA}"
	ProjectSection(SolutionItems) = preProject
		.editorconfig = .editorconfig
	EndProjectSection
EndProject
Project("{9A19103F-16F7-4668-BE54-9A1E7A4F7556}") = "EventTimelineReconstruction.UnitTests", "EventTimelineReconstruction.UnitTests\EventTimelineReconstruction.UnitTests.csproj", "{09EF8250-AD86-42ED-A750-F775E484127A}"
EndProject
Global
	GlobalSection(SolutionConfigurationPlatforms) = preSolution
		Debug|Any CPU = Debug|Any CPU
		Release|Any CPU = Release|Any CPU
	EndGlobalSection
	GlobalSection(ProjectConfigurationPlatforms) = postSolution
		{9F98500F-DF18-42CE-954A-40CD21FCBD92}.Debug|Any CPU.ActiveCfg = Debug|Any CPU
		{9F98500F-DF18-42CE-954A-40CD21FCBD92}.Debug|Any CPU.Build.0 = Debug|Any CPU
		{9F98500F-DF18-42CE-954A-40CD21FCBD92}.Release|Any CPU.ActiveCfg = Release|Any CPU
		{9F98500F-DF18-42CE-954A-40CD21FCBD92}.Release|Any CPU.Build.0 = Release|Any CPU
		{09EF8250-AD86-42ED-A750-F775E484127A}.Debug|Any CPU.ActiveCfg = Debug|Any CPU
		{09EF8250-AD86-42ED-A750-F775E484127A}.Debug|Any CPU.Build.0 = Debug|Any CPU
		{09EF8250-AD86-42ED-A750-F775E484127A}.Release|Any CPU.ActiveCfg = Release|Any CPU
		{09EF8250-AD86-42ED-A750-F775E484127A}.Release|Any CPU.Build.0 = Release|Any CPU
	EndGlobalSection
	GlobalSection(SolutionProperties) = preSolution
		HideSolutionNode = FALSE
	EndGlobalSection
	GlobalSection(ExtensibilityGlobals) = postSolution
		SolutionGuid = {94371853-B50A-4AF5-94C5-B047394E4B03}
	EndGlobalSection
EndGlobal
